
Microsoft Visual Studio Solution File, Format Version 12.00
# Visual Studio Version 17
VisualStudioVersion = 17.10.35027.167
MinimumVisualStudioVersion = 10.0.40219.1
Project("{FAE04EC0-301F-11D3-BF4B-00C04F79EFBC}") = "WebApplication", "WebApplication.csproj", "{977846DF-975A-442B-9587-6CDC302E49B2}"
EndProject
Global
	GlobalSection(SolutionConfigurationPlatforms) = preSolution
		Debug|Any CPU = Debug|Any CPU
		Release|Any CPU = Release|Any CPU
	EndGlobalSection
	GlobalSection(ProjectConfigurationPlatforms) = postSolution
		{977846DF-975A-442B-9587-6CDC302E49B2}.Debug|Any CPU.ActiveCfg = Debug|Any CPU
		{977846DF-975A-442B-9587-6CDC302E49B2}.Debug|Any CPU.Build.0 = Debug|Any CPU
		{977846DF-975A-442B-9587-6CDC302E49B2}.Release|Any CPU.ActiveCfg = Release|Any CPU
		{977846DF-975A-442B-9587-6CDC302E49B2}.Release|Any CPU.Build.0 = Release|Any CPU
	EndGlobalSection
	GlobalSection(SolutionProperties) = preSolution
		HideSolutionNode = FALSE
	EndGlobalSection
	GlobalSection(ExtensibilityGlobals) = postSolution
		SolutionGuid = {F546CDBA-59B5-4A9A-B429-E8C85B471B51}
	EndGlobalSection
EndGlobal
